
Microsoft Visual Studio Solution File, Format Version 12.00
# Visual Studio 2013
VisualStudioVersion = 12.0.31101.0
MinimumVisualStudioVersion = 10.0.40219.1
Project("{FAE04EC0-301F-11D3-BF4B-00C04F79EFBC}") = "GDPService", "GDPService\GDPService.csproj", "{02B238E2-987F-4562-85FF-1CD433AC4934}"
EndProject
Project("{FAE04EC0-301F-11D3-BF4B-00C04F79EFBC}") = "GDPLibrary", "GDPLibrary\GDPLibrary.csproj", "{F58AC514-12FF-4FCB-A1C4-5F0564D8EB56}"
EndProject
Project("{FAE04EC0-301F-11D3-BF4B-00C04F79EFBC}") = "GDPClient", "GDPClient\GDPClient.csproj", "{ADDCBAE6-D6C1-4AC5-B63C-4FE7FA73D13E}"
	ProjectSection(ProjectDependencies) = postProject
		{02B238E2-987F-4562-85FF-1CD433AC4934} = {02B238E2-987F-4562-85FF-1CD433AC4934}
	EndProjectSection
EndProject
Project("{FAE04EC0-301F-11D3-BF4B-00C04F79EFBC}") = "GDPWebApi", "GDPWebApi\GDPWebApi.csproj", "{FE3C11E4-7FF3-4D77-B9CA-2589682D6D2B}"
EndProject
Global
	GlobalSection(SolutionConfigurationPlatforms) = preSolution
		Debug|Any CPU = Debug|Any CPU
		Debug|ARM = Debug|ARM
		Debug|x64 = Debug|x64
		Debug|x86 = Debug|x86
		Release|Any CPU = Release|Any CPU
		Release|ARM = Release|ARM
		Release|x64 = Release|x64
		Release|x86 = Release|x86
	EndGlobalSection
	GlobalSection(ProjectConfigurationPlatforms) = postSolution
		{02B238E2-987F-4562-85FF-1CD433AC4934}.Debug|Any CPU.ActiveCfg = Debug|Any CPU
		{02B238E2-987F-4562-85FF-1CD433AC4934}.Debug|Any CPU.Build.0 = Debug|Any CPU
		{02B238E2-987F-4562-85FF-1CD433AC4934}.Debug|ARM.ActiveCfg = Debug|Any CPU
		{02B238E2-987F-4562-85FF-1CD433AC4934}.Debug|x64.ActiveCfg = Debug|Any CPU
		{02B238E2-987F-4562-85FF-1CD433AC4934}.Debug|x86.ActiveCfg = Debug|Any CPU
		{02B238E2-987F-4562-85FF-1CD433AC4934}.Release|Any CPU.ActiveCfg = Release|Any CPU
		{02B238E2-987F-4562-85FF-1CD433AC4934}.Release|Any CPU.Build.0 = Release|Any CPU
		{02B238E2-987F-4562-85FF-1CD433AC4934}.Release|ARM.ActiveCfg = Release|Any CPU
		{02B238E2-987F-4562-85FF-1CD433AC4934}.Release|x64.ActiveCfg = Release|Any CPU
		{02B238E2-987F-4562-85FF-1CD433AC4934}.Release|x86.ActiveCfg = Release|Any CPU
		{F58AC514-12FF-4FCB-A1C4-5F0564D8EB56}.Debug|Any CPU.ActiveCfg = Debug|Any CPU
		{F58AC514-12FF-4FCB-A1C4-5F0564D8EB56}.Debug|Any CPU.Build.0 = Debug|Any CPU
		{F58AC514-12FF-4FCB-A1C4-5F0564D8EB56}.Debug|ARM.ActiveCfg = Debug|Any CPU
		{F58AC514-12FF-4FCB-A1C4-5F0564D8EB56}.Debug|x64.ActiveCfg = Debug|Any CPU
		{F58AC514-12FF-4FCB-A1C4-5F0564D8EB56}.Debug|x86.ActiveCfg = Debug|Any CPU
		{F58AC514-12FF-4FCB-A1C4-5F0564D8EB56}.Release|Any CPU.ActiveCfg = Release|Any CPU
		{F58AC514-12FF-4FCB-A1C4-5F0564D8EB56}.Release|Any CPU.Build.0 = Release|Any CPU
		{F58AC514-12FF-4FCB-A1C4-5F0564D8EB56}.Release|ARM.ActiveCfg = Release|Any CPU
		{F58AC514-12FF-4FCB-A1C4-5F0564D8EB56}.Release|x64.ActiveCfg = Release|Any CPU
		{F58AC514-12FF-4FCB-A1C4-5F0564D8EB56}.Release|x86.ActiveCfg = Release|Any CPU
		{ADDCBAE6-D6C1-4AC5-B63C-4FE7FA73D13E}.Debug|Any CPU.ActiveCfg = Debug|Any CPU
		{ADDCBAE6-D6C1-4AC5-B63C-4FE7FA73D13E}.Debug|Any CPU.Build.0 = Debug|Any CPU
		{ADDCBAE6-D6C1-4AC5-B63C-4FE7FA73D13E}.Debug|Any CPU.Deploy.0 = Debug|Any CPU
		{ADDCBAE6-D6C1-4AC5-B63C-4FE7FA73D13E}.Debug|ARM.ActiveCfg = Debug|ARM
		{ADDCBAE6-D6C1-4AC5-B63C-4FE7FA73D13E}.Debug|ARM.Build.0 = Debug|ARM
		{ADDCBAE6-D6C1-4AC5-B63C-4FE7FA73D13E}.Debug|ARM.Deploy.0 = Debug|ARM
		{ADDCBAE6-D6C1-4AC5-B63C-4FE7FA73D13E}.Debug|x64.ActiveCfg = Debug|x64
		{ADDCBAE6-D6C1-4AC5-B63C-4FE7FA73D13E}.Debug|x64.Build.0 = Debug|x64
		{ADDCBAE6-D6C1-4AC5-B63C-4FE7FA73D13E}.Debug|x64.Deploy.0 = Debug|x64
		{ADDCBAE6-D6C1-4AC5-B63C-4FE7FA73D13E}.Debug|x86.ActiveCfg = Debug|x86
		{ADDCBAE6-D6C1-4AC5-B63C-4FE7FA73D13E}.Debug|x86.Build.0 = Debug|x86
		{ADDCBAE6-D6C1-4AC5-B63C-4FE7FA73D13E}.Debug|x86.Deploy.0 = Debug|x86
		{ADDCBAE6-D6C1-4AC5-B63C-4FE7FA73D13E}.Release|Any CPU.ActiveCfg = Release|Any CPU
		{ADDCBAE6-D6C1-4AC5-B63C-4FE7FA73D13E}.Release|Any CPU.Build.0 = Release|Any CPU
		{ADDCBAE6-D6C1-4AC5-B63C-4FE7FA73D13E}.Release|Any CPU.Deploy.0 = Release|Any CPU
		{ADDCBAE6-D6C1-4AC5-B63C-4FE7FA73D13E}.Release|ARM.ActiveCfg = Release|ARM
		{ADDCBAE6-D6C1-4AC5-B63C-4FE7FA73D13E}.Release|ARM.Build.0 = Release|ARM
		{ADDCBAE6-D6C1-4AC5-B63C-4FE7FA73D13E}.Release|ARM.Deploy.0 = Release|ARM
		{ADDCBAE6-D6C1-4AC5-B63C-4FE7FA73D13E}.Release|x64.ActiveCfg = Release|x64
		{ADDCBAE6-D6C1-4AC5-B63C-4FE7FA73D13E}.Release|x64.Build.0 = Release|x64
		{ADDCBAE6-D6C1-4AC5-B63C-4FE7FA73D13E}.Release|x64.Deploy.0 = Release|x64
		{ADDCBAE6-D6C1-4AC5-B63C-4FE7FA73D13E}.Release|x86.ActiveCfg = Release|x86
		{ADDCBAE6-D6C1-4AC5-B63C-4FE7FA73D13E}.Release|x86.Build.0 = Release|x86
		{ADDCBAE6-D6C1-4AC5-B63C-4FE7FA73D13E}.Release|x86.Deploy.0 = Release|x86
		{FE3C11E4-7FF3-4D77-B9CA-2589682D6D2B}.Debug|Any CPU.ActiveCfg = Debug|Any CPU
		{FE3C11E4-7FF3-4D77-B9CA-2589682D6D2B}.Debug|Any CPU.Build.0 = Debug|Any CPU
		{FE3C11E4-7FF3-4D77-B9CA-2589682D6D2B}.Debug|ARM.ActiveCfg = Debug|Any CPU
		{FE3C11E4-7FF3-4D77-B9CA-2589682D6D2B}.Debug|x64.ActiveCfg = Debug|Any CPU
		{FE3C11E4-7FF3-4D77-B9CA-2589682D6D2B}.Debug|x86.ActiveCfg = Debug|Any CPU
		{FE3C11E4-7FF3-4D77-B9CA-2589682D6D2B}.Release|Any CPU.ActiveCfg = Release|Any CPU
		{FE3C11E4-7FF3-4D77-B9CA-2589682D6D2B}.Release|Any CPU.Build.0 = Release|Any CPU
		{FE3C11E4-7FF3-4D77-B9CA-2589682D6D2B}.Release|ARM.ActiveCfg = Release|Any CPU
		{FE3C11E4-7FF3-4D77-B9CA-2589682D6D2B}.Release|x64.ActiveCfg = Release|Any CPU
		{FE3C11E4-7FF3-4D77-B9CA-2589682D6D2B}.Release|x86.ActiveCfg = Release|Any CPU
	EndGlobalSection
	GlobalSection(SolutionProperties) = preSolution
		HideSolutionNode = FALSE
	EndGlobalSection
EndGlobal
